# THIS IS AN AUTOGENERATED FILE. DO NOT EDIT THIS FILE DIRECTLY.
# yarn lockfile v1


"@material/animation@8.0.0-canary.096a7a066.0":
  version "8.0.0-canary.096a7a066.0"
  resolved "https://registry.yarnpkg.com/@material/animation/-/animation-8.0.0-canary.096a7a066.0.tgz#9c1b3d31858889e04e722ca8f1ade7ae3c54f7e6"
  integrity sha512-hGL6sMGcyd9JoxcyhRkAhD6KKQwZVRkhaFcra9YMBYHUbWRxfUbfDTjUZ3ZxmLDDcsjL4Hqjblet6Xmtq3Br5g==
  dependencies:
    tslib "^1.9.3"

"@material/base@8.0.0-canary.096a7a066.0", "@material/base@=8.0.0-canary.096a7a066.0":
  version "8.0.0-canary.096a7a066.0"
  resolved "https://registry.yarnpkg.com/@material/base/-/base-8.0.0-canary.096a7a066.0.tgz#abd1051522cb61450ab6710b6bb62b6129915730"
  integrity sha512-y+69zqBP2dt86evkMnFbQPCGYp5su6JBzNyWEa3qtmH0J7pUf+H1879EZabsaFM1Q6ko6IWewlnBx5g8xfoFvg==
  dependencies:
    tslib "^1.9.3"

"@material/button@8.0.0-canary.096a7a066.0":
  version "8.0.0-canary.096a7a066.0"
  resolved "https://registry.yarnpkg.com/@material/button/-/button-8.0.0-canary.096a7a066.0.tgz#ec41fe966909b5e95dd5f0e1ed73e8500ceaa5a9"
  integrity sha512-bqR/c1mJB/bENKM9rlafVPSolyWBbOe5HKyN+Dvr7w7/Gzdx1Ee9cplnyYVxl1dMTvuTc6dTr6ueF44WjgV5tA==
  dependencies:
    "@material/density" "8.0.0-canary.096a7a066.0"
    "@material/elevation" "8.0.0-canary.096a7a066.0"
    "@material/feature-targeting" "8.0.0-canary.096a7a066.0"
    "@material/ripple" "8.0.0-canary.096a7a066.0"
    "@material/rtl" "8.0.0-canary.096a7a066.0"
    "@material/shape" "8.0.0-canary.096a7a066.0"
    "@material/theme" "8.0.0-canary.096a7a066.0"
    "@material/touch-target" "8.0.0-canary.096a7a066.0"
    "@material/typography" "8.0.0-canary.096a7a066.0"

"@material/density@8.0.0-canary.096a7a066.0":
  version "8.0.0-canary.096a7a066.0"
  resolved "https://registry.yarnpkg.com/@material/density/-/density-8.0.0-canary.096a7a066.0.tgz#0fc2a54e03bfc83dbe37b6464023df859645ee86"
  integrity sha512-sGRHzwnQk67oOpioW5NpJJbAPVPZCRZb8RE1pnwn+/6JjtFtnkSMlAGfl8NMQR+VuXkoLXORA5wOjDf0vOZJ4Q==

"@material/dom@8.0.0-canary.096a7a066.0", "@material/dom@=8.0.0-canary.096a7a066.0":
  version "8.0.0-canary.096a7a066.0"
  resolved "https://registry.yarnpkg.com/@material/dom/-/dom-8.0.0-canary.096a7a066.0.tgz#5976a60cd570fea4b078e0e9f303fad3823d2938"
  integrity sha512-JfMeg+lORzHouIWBaL8HbfNutH6mAMUHv649TJEZSMIp7lkrBUXnXdJNP1CybqHKqVbNlMAIb41PBJm93tpxUw==
  dependencies:
    "@material/feature-targeting" "8.0.0-canary.096a7a066.0"
    tslib "^1.9.3"

"@material/drawer@=8.0.0-canary.096a7a066.0":
  version "8.0.0-canary.096a7a066.0"
  resolved "https://registry.yarnpkg.com/@material/drawer/-/drawer-8.0.0-canary.096a7a066.0.tgz#06e82eaffd4d1de31e7ccd64446b7a899a2ad029"
  integrity sha512-S1KAqzo7pUSEvgw0tIfnaidw3QlrzDE2pVPO/Eiz87E1L748yM7AJxjSvP+6JzlNFoxXK27JyehqdMSVD8Abag==
  dependencies:
    "@material/animation" "8.0.0-canary.096a7a066.0"
    "@material/base" "8.0.0-canary.096a7a066.0"
    "@material/dom" "8.0.0-canary.096a7a066.0"
    "@material/elevation" "8.0.0-canary.096a7a066.0"
    "@material/feature-targeting" "8.0.0-canary.096a7a066.0"
    "@material/list" "8.0.0-canary.096a7a066.0"
    "@material/ripple" "8.0.0-canary.096a7a066.0"
    "@material/rtl" "8.0.0-canary.096a7a066.0"
    "@material/shape" "8.0.0-canary.096a7a066.0"
    "@material/theme" "8.0.0-canary.096a7a066.0"
    "@material/typography" "8.0.0-canary.096a7a066.0"
    tslib "^1.9.3"

"@material/elevation@8.0.0-canary.096a7a066.0":
  version "8.0.0-canary.096a7a066.0"
  resolved "https://registry.yarnpkg.com/@material/elevation/-/elevation-8.0.0-canary.096a7a066.0.tgz#dfcc99cf8e8461baf0c31504fc7eb78d67c19fa4"
  integrity sha512-kfP01LU+AdbXaZLoJQDSvfmbsnps/Joo3UfwvgjX8kkYRAxTauYFvq01QlQQN8P8s759QLGtBJHKN3LhNRzR4Q==
  dependencies:
    "@material/animation" "8.0.0-canary.096a7a066.0"
    "@material/base" "8.0.0-canary.096a7a066.0"
    "@material/feature-targeting" "8.0.0-canary.096a7a066.0"
    "@material/theme" "8.0.0-canary.096a7a066.0"

"@material/feature-targeting@8.0.0-canary.096a7a066.0":
  version "8.0.0-canary.096a7a066.0"
  resolved "https://registry.yarnpkg.com/@material/feature-targeting/-/feature-targeting-8.0.0-canary.096a7a066.0.tgz#fca721c287b08e0868467ee60daa5d32aad16430"
  integrity sha512-5nxnG08PjdwhrLMNxfeCOImbdEtP/bVveOVr72hdqldHuwfnzNjp0lwWAAh/QZrpJNl4Ve2Cnp/LkRnlOELIkw==

"@material/icon-button@8.0.0-canary.096a7a066.0":
  version "8.0.0-canary.096a7a066.0"
  resolved "https://registry.yarnpkg.com/@material/icon-button/-/icon-button-8.0.0-canary.096a7a066.0.tgz#20dd5459da9bdd58e059b6e6201440637c1ba497"
  integrity sha512-R3zBKNKuezPMFuJiCAGwy25iG6y2BEFyLQY9Ef3EJzzulUFEr6U7VruNENH3Vbe6+KAJqfiaZYWGx/gSzd0ajw==
  dependencies:
    "@material/base" "8.0.0-canary.096a7a066.0"
    "@material/density" "8.0.0-canary.096a7a066.0"
    "@material/feature-targeting" "8.0.0-canary.096a7a066.0"
    "@material/ripple" "8.0.0-canary.096a7a066.0"
    "@material/rtl" "8.0.0-canary.096a7a066.0"
    "@material/theme" "8.0.0-canary.096a7a066.0"
    tslib "^1.9.3"

"@material/list@8.0.0-canary.096a7a066.0", "@material/list@=8.0.0-canary.096a7a066.0":
  version "8.0.0-canary.096a7a066.0"
  resolved "https://registry.yarnpkg.com/@material/list/-/list-8.0.0-canary.096a7a066.0.tgz#49b4a5777b0bee9fb9adf7711781fa023c7ded9d"
  integrity sha512-FjRVRaudL23HNHffSRgMOYIEiaGO//4kdkG8djELY1m/nAZV1qgCFMq8SrrEgIm6Aue2X1lyTpsFX1/Idp4zdA==
  dependencies:
    "@material/base" "8.0.0-canary.096a7a066.0"
    "@material/density" "8.0.0-canary.096a7a066.0"
    "@material/dom" "8.0.0-canary.096a7a066.0"
    "@material/feature-targeting" "8.0.0-canary.096a7a066.0"
    "@material/ripple" "8.0.0-canary.096a7a066.0"
    "@material/rtl" "8.0.0-canary.096a7a066.0"
    "@material/shape" "8.0.0-canary.096a7a066.0"
    "@material/theme" "8.0.0-canary.096a7a066.0"
    "@material/typography" "8.0.0-canary.096a7a066.0"
    tslib "^1.9.3"

"@material/mwc-base@^0.18.0":
  version "0.18.0"
  resolved "https://registry.yarnpkg.com/@material/mwc-base/-/mwc-base-0.18.0.tgz#5e6d8c2a894cd480f8e4866c616f807b63d28440"
  integrity sha512-75CuivLaw7lSaIrkPvBaYyD6AwbYEu0M7sgnNAvHK/W5nrK1GViLJIKG87edCHhSRshZVjnDpyDIBJMR7yj03g==
  dependencies:
    "@material/base" "=8.0.0-canary.096a7a066.0"
    "@material/dom" "=8.0.0-canary.096a7a066.0"
    lit-element "^2.3.0"
    tslib "^1.10.0"

"@material/mwc-checkbox@^0.18.0":
  version "0.18.0"
  resolved "https://registry.yarnpkg.com/@material/mwc-checkbox/-/mwc-checkbox-0.18.0.tgz#88a0d7a9511dfef621334ab54cbf1a22a9bc3f4b"
  integrity sha512-+KAt+0x8SGMAeSyqU9Kw/gmCpualxthVGWf5p38dFSLJPt5NORo+yH3AF4FdkvOlK/pYFRg+ZpfxiHEGCSq+ig==
  dependencies:
    "@material/mwc-base" "^0.18.0"
    "@material/mwc-ripple" "^0.18.0"
    lit-element "^2.3.0"
    lit-html "^1.1.2"
    tslib "^1.10.0"

"@material/mwc-drawer@^0.18.0":
  version "0.18.0"
  resolved "https://registry.yarnpkg.com/@material/mwc-drawer/-/mwc-drawer-0.18.0.tgz#5735b38590e23f991bce3d206a178a8b597d3385"
  integrity sha512-Kk4arwyHbDDRbpu3ZkteBDtezmydyaP6U/apkTnYRm/CAWbXpZXM6+fs+6N2FChJ/Evvm/7qDcaic2Kzo4O0ZQ==
  dependencies:
    "@material/drawer" "=8.0.0-canary.096a7a066.0"
    "@material/mwc-base" "^0.18.0"
    blocking-elements "^0.1.0"
    lit-element "^2.3.0"
    lit-html "^1.1.2"
    tslib "^1.10.0"
    wicg-inert "^3.0.0"

"@material/mwc-fab@^0.18.0":
  version "0.18.0"
  resolved "https://registry.yarnpkg.com/@material/mwc-fab/-/mwc-fab-0.18.0.tgz#ac82b69a79dbc4625111356508490be1f2118694"
  integrity sha512-8CWcvIFPiSpVmex7ABjQcXFoc1f7Nmi324wSjENwo38rbyiZ9B/3AhPOGBXtO7QEPsL7syna6dSnv0aHIQOPhg==
  dependencies:
    "@material/mwc-ripple" "^0.18.0"
    lit-element "^2.3.0"
    lit-html "^1.1.2"
    tslib "^1.10.0"

"@material/mwc-icon-button@^0.18.0":
  version "0.18.0"
  resolved "https://registry.yarnpkg.com/@material/mwc-icon-button/-/mwc-icon-button-0.18.0.tgz#1eab554e53cccd3a80571e1ba2d63b4ba9c4c437"
  integrity sha512-SNHkdT5vZTt1NjN4eUzZcCd5wdhOIqk1gbe13VJYiEhIiLD8xT1NobaHAPKozEqZaBOvQTDQX7qdA/VOEmbjCw==
  dependencies:
    "@material/mwc-ripple" "^0.18.0"
    lit-element "^2.3.0"
    tslib "^1.10.0"

"@material/mwc-icon@^0.18.0":
  version "0.18.0"
  resolved "https://registry.yarnpkg.com/@material/mwc-icon/-/mwc-icon-0.18.0.tgz#7164aaac89616241bb924a5a9db668f8c54e04bd"
  integrity sha512-3tYVi7DqGuL3Rk+iy+O6Mf/yB3Gc70Pf9RKMEXlEbTCilLqKTEDf4qp9RuUMN8QvWBsIH9dBWRvbApItYYgJfA==
  dependencies:
    lit-element "^2.3.0"
    tslib "^1.10.0"

"@material/mwc-list@^0.18.0":
  version "0.18.0"
  resolved "https://registry.yarnpkg.com/@material/mwc-list/-/mwc-list-0.18.0.tgz#d801a4e99b51da89d33c20043b3f565c9dee9bda"
  integrity sha512-mzcAtJkUG2icPvSaIwxDI8pLWt1szVmL629ccm6nCwdFuYeQEwjIj7aR8xD0kZ4rgaOi8IgXH2Kq5YZnywdIXA==
  dependencies:
    "@material/base" "=8.0.0-canary.096a7a066.0"
    "@material/dom" "=8.0.0-canary.096a7a066.0"
    "@material/list" "=8.0.0-canary.096a7a066.0"
    "@material/mwc-base" "^0.18.0"
    "@material/mwc-checkbox" "^0.18.0"
    "@material/mwc-radio" "^0.18.0"
    "@material/mwc-ripple" "^0.18.0"
    lit-element "^2.3.0"
    lit-html "^1.1.2"
    tslib "^1.10.0"

"@material/mwc-radio@^0.18.0":
  version "0.18.0"
  resolved "https://registry.yarnpkg.com/@material/mwc-radio/-/mwc-radio-0.18.0.tgz#bfa5daf953406f29d36fdd942565dc2749dda59a"
  integrity sha512-cZRJsQphjSFu9XWUrZa8sTOitOwQHkmUD9DHv73M39rBx3LqXTNWpxIOcXUbuc31Gt0EGX6v0Fi/PzW+9tV5vQ==
  dependencies:
    "@material/mwc-base" "^0.18.0"
    "@material/mwc-ripple" "^0.18.0"
    "@material/radio" "=8.0.0-canary.096a7a066.0"
    lit-element "^2.3.0"
    tslib "^1.10.0"

"@material/mwc-ripple@^0.18.0":
  version "0.18.0"
  resolved "https://registry.yarnpkg.com/@material/mwc-ripple/-/mwc-ripple-0.18.0.tgz#3f8e5ddc5d1f1a53cc818b7159dfc7dd02926fbf"
  integrity sha512-6+7QQmMXmbd42rQOPEmMnY7Sp7EsewI7Ar0N/d6MNrd+4LIcC+G9+mIambZ+r5Gs7i3/HTBdehKl37jCW5Equw==
  dependencies:
    "@material/dom" "=8.0.0-canary.096a7a066.0"
    "@material/mwc-base" "^0.18.0"
    "@material/ripple" "=8.0.0-canary.096a7a066.0"
    lit-element "^2.3.0"
    lit-html "^1.1.2"
    tslib "^1.10.0"

"@material/mwc-snackbar@^0.18.0":
  version "0.18.0"
  resolved "https://registry.yarnpkg.com/@material/mwc-snackbar/-/mwc-snackbar-0.18.0.tgz#e4453208268a4ab25e3f0d0e5b8f401f80a5a04c"
  integrity sha512-Gk8QfcnRBNedGAj5ZrG9KOgStdswm/paInEzhPnUV1rQ+BAX+DxgRIWlPZi65Yw6gaHXxqS81maATmyTMysVeg==
  dependencies:
    "@material/mwc-base" "^0.18.0"
    "@material/snackbar" "=8.0.0-canary.096a7a066.0"
    lit-element "^2.3.0"
    lit-html "^1.1.2"
    tslib "^1.10.0"

"@material/mwc-tab-bar@^0.18.0":
  version "0.18.0"
  resolved "https://registry.yarnpkg.com/@material/mwc-tab-bar/-/mwc-tab-bar-0.18.0.tgz#27f1f02edd5139cf5ec27d2df98feed2fc4b93da"
  integrity sha512-9cSXBSll6OfMW/Tqm6edkHqKH3/fR50wRXY0EIz8S3jSjuf39O9Wv5fNLY3L9+wNnTc5hWYGHT4jNDkE0TIwvg==
  dependencies:
    "@material/mwc-base" "^0.18.0"
    "@material/mwc-tab" "^0.18.0"
    "@material/mwc-tab-scroller" "^0.18.0"
    "@material/tab" "=8.0.0-canary.096a7a066.0"
    "@material/tab-bar" "=8.0.0-canary.096a7a066.0"
    lit-element "^2.3.0"
    tslib "^1.10.0"

"@material/mwc-tab-indicator@^0.18.0":
  version "0.18.0"
  resolved "https://registry.yarnpkg.com/@material/mwc-tab-indicator/-/mwc-tab-indicator-0.18.0.tgz#769f829a8fbf15ba26fdfaa22bc606fea2b11293"
  integrity sha512-s4toi+yUVxm2my+rAQBo2iFXGI7IhkCLW7UdmdrSfZHpyqUXj3086BuQkWxM6LnNLOsK61DXoxGva+gUczPleg==
  dependencies:
    "@material/mwc-base" "^0.18.0"
    "@material/tab-indicator" "=8.0.0-canary.096a7a066.0"
    lit-element "^2.3.0"
    lit-html "^1.1.2"
    tslib "^1.10.0"

"@material/mwc-tab-scroller@^0.18.0":
  version "0.18.0"
  resolved "https://registry.yarnpkg.com/@material/mwc-tab-scroller/-/mwc-tab-scroller-0.18.0.tgz#5148ffe7e8b9873b3cfbff4ebd1c2f9324668345"
  integrity sha512-OhHSlltMSIFO9p2PeBj26zbLJzXwaa1L7BPLBjAsesvF0YhrixacTGOYZKMnoMdvQ0WlppDaxLD4mh0P/DDZbg==
  dependencies:
    "@material/dom" "=8.0.0-canary.096a7a066.0"
    "@material/mwc-base" "^0.18.0"
    "@material/tab-scroller" "=8.0.0-canary.096a7a066.0"
    lit-element "^2.3.0"
    tslib "^1.10.0"

"@material/mwc-tab@^0.18.0":
  version "0.18.0"
  resolved "https://registry.yarnpkg.com/@material/mwc-tab/-/mwc-tab-0.18.0.tgz#68c07da95ea0407eab72f4f544fb02ffa759ff2c"
  integrity sha512-m6EvOsVBwF5CxdhMls1RkKcJGhhDO0Kg1eyi4nXxba8PHZx3KbzeMsR+VlYxo/rBrnA1tDzKv9b0H2Dn0KrVIw==
  dependencies:
    "@material/mwc-base" "^0.18.0"
    "@material/mwc-ripple" "^0.18.0"
    "@material/mwc-tab-indicator" "^0.18.0"
    "@material/tab" "=8.0.0-canary.096a7a066.0"
    lit-element "^2.3.0"
    lit-html "^1.1.2"
    tslib "^1.10.0"

"@material/mwc-top-app-bar@^0.18.0":
  version "0.18.0"
  resolved "https://registry.yarnpkg.com/@material/mwc-top-app-bar/-/mwc-top-app-bar-0.18.0.tgz#ed0bbddf112e70894bf677a01a5a9ce9a768aaf8"
  integrity sha512-lOUvxWpSdLizYJko0LjMylM0ESQzQB99WKImKiBzljAWs2D3fb5l0rdIN/zRZwsi2rF71u1fv0+2AswZmd/wwQ==
  dependencies:
    "@material/mwc-base" "^0.18.0"
    "@material/top-app-bar" "=8.0.0-canary.096a7a066.0"
    lit-element "^2.3.0"
    lit-html "^1.1.2"
    tslib "^1.10.0"

"@material/radio@=8.0.0-canary.096a7a066.0":
  version "8.0.0-canary.096a7a066.0"
  resolved "https://registry.yarnpkg.com/@material/radio/-/radio-8.0.0-canary.096a7a066.0.tgz#7edc80dbb5f9e3fd9e6b559eabe6eddda419e713"
  integrity sha512-EvjhY4R3BbhSYYr4uRsP10dDVGek+GWQoxGGf1Ydwbuc84JqS83mXoOueOxoiApYZKDZmW7sX8Rvmm4zY+LPNw==
  dependencies:
    "@material/animation" "8.0.0-canary.096a7a066.0"
    "@material/base" "8.0.0-canary.096a7a066.0"
    "@material/density" "8.0.0-canary.096a7a066.0"
    "@material/dom" "8.0.0-canary.096a7a066.0"
    "@material/feature-targeting" "8.0.0-canary.096a7a066.0"
    "@material/ripple" "8.0.0-canary.096a7a066.0"
    "@material/theme" "8.0.0-canary.096a7a066.0"
    "@material/touch-target" "8.0.0-canary.096a7a066.0"
    tslib "^1.9.3"

"@material/ripple@8.0.0-canary.096a7a066.0", "@material/ripple@=8.0.0-canary.096a7a066.0":
  version "8.0.0-canary.096a7a066.0"
  resolved "https://registry.yarnpkg.com/@material/ripple/-/ripple-8.0.0-canary.096a7a066.0.tgz#c6b15d33c870eec815b67c740c89fe76315426dd"
  integrity sha512-SQGYL/arRC76P5kr23i8gkUY4FmJVZN98f2Ke3CTAG8VrecI0uqnmPRtDTC6A8djEbePlEmqDUxnWP+ZoDr9+g==
  dependencies:
    "@material/animation" "8.0.0-canary.096a7a066.0"
    "@material/base" "8.0.0-canary.096a7a066.0"
    "@material/dom" "8.0.0-canary.096a7a066.0"
    "@material/feature-targeting" "8.0.0-canary.096a7a066.0"
    "@material/theme" "8.0.0-canary.096a7a066.0"
    tslib "^1.9.3"

"@material/rtl@8.0.0-canary.096a7a066.0":
  version "8.0.0-canary.096a7a066.0"
  resolved "https://registry.yarnpkg.com/@material/rtl/-/rtl-8.0.0-canary.096a7a066.0.tgz#618e968c01bc2c1b3559203ac3192f1cc21ebcf6"
  integrity sha512-/JpiBQIcva0DRv4WOek+5dWvGmXR6zaEqYmIRZj4w6bWMvCquGqYHUc/xiJdORk8xIKY9zzxY0bOfF0/EIWyVQ==
  dependencies:
    "@material/theme" "8.0.0-canary.096a7a066.0"

"@material/shape@8.0.0-canary.096a7a066.0":
  version "8.0.0-canary.096a7a066.0"
  resolved "https://registry.yarnpkg.com/@material/shape/-/shape-8.0.0-canary.096a7a066.0.tgz#7b20a67d06b4c3e3b6bc4a9742d3e44fcbfff5db"
  integrity sha512-UoagRun+cQF2yieE+ErJJQpNLyn2+PU7FifFF7N381sMBQTcxQZ7bFHNkmj1eqUPUsiWxbJxnjsMjQ2Ez5e/Aw==
  dependencies:
    "@material/feature-targeting" "8.0.0-canary.096a7a066.0"
    "@material/rtl" "8.0.0-canary.096a7a066.0"
    "@material/theme" "8.0.0-canary.096a7a066.0"

"@material/snackbar@=8.0.0-canary.096a7a066.0":
  version "8.0.0-canary.096a7a066.0"
  resolved "https://registry.yarnpkg.com/@material/snackbar/-/snackbar-8.0.0-canary.096a7a066.0.tgz#9f65602cdfb088fd390d4c3d8125c2b6a142a212"
  integrity sha512-cSPzR9TsdWJ7tvxWAryeUYB1TyxnvpsDjmsGzNTLa3I/xPWM5opseqruJzbPmEJsXQ+GCQdJ73yMfpKYY+IfRw==
  dependencies:
    "@material/animation" "8.0.0-canary.096a7a066.0"
    "@material/base" "8.0.0-canary.096a7a066.0"
    "@material/button" "8.0.0-canary.096a7a066.0"
    "@material/dom" "8.0.0-canary.096a7a066.0"
    "@material/elevation" "8.0.0-canary.096a7a066.0"
    "@material/feature-targeting" "8.0.0-canary.096a7a066.0"
    "@material/icon-button" "8.0.0-canary.096a7a066.0"
    "@material/ripple" "8.0.0-canary.096a7a066.0"
    "@material/rtl" "8.0.0-canary.096a7a066.0"
    "@material/shape" "8.0.0-canary.096a7a066.0"
    "@material/theme" "8.0.0-canary.096a7a066.0"
    "@material/typography" "8.0.0-canary.096a7a066.0"
    tslib "^1.9.3"

"@material/tab-bar@=8.0.0-canary.096a7a066.0":
  version "8.0.0-canary.096a7a066.0"
  resolved "https://registry.yarnpkg.com/@material/tab-bar/-/tab-bar-8.0.0-canary.096a7a066.0.tgz#538f847e62216def28401047b90d799943d01a98"
  integrity sha512-lq9HZECqoOfXqXMhFYCrNImKZN8WHjf+fixKMHTIIm/1mG3rAggRgwkAIqDJj6Ysddn/UTsABwXtiv1SMwrH+A==
  dependencies:
    "@material/animation" "8.0.0-canary.096a7a066.0"
    "@material/base" "8.0.0-canary.096a7a066.0"
    "@material/density" "8.0.0-canary.096a7a066.0"
    "@material/feature-targeting" "8.0.0-canary.096a7a066.0"
    "@material/tab" "8.0.0-canary.096a7a066.0"
    "@material/tab-scroller" "8.0.0-canary.096a7a066.0"
    tslib "^1.9.3"

"@material/tab-indicator@8.0.0-canary.096a7a066.0", "@material/tab-indicator@=8.0.0-canary.096a7a066.0":
  version "8.0.0-canary.096a7a066.0"
  resolved "https://registry.yarnpkg.com/@material/tab-indicator/-/tab-indicator-8.0.0-canary.096a7a066.0.tgz#995006f3583a46f0290025ef08560c0efd976738"
  integrity sha512-QgoIMscnLCIZmb2yT4ejGwV4jq2b023kVtZCi07sVVd34k2yE+fT0EB1KIKQLb6Ag3yACP1vvjmfPzHbwC2XlA==
  dependencies:
    "@material/animation" "8.0.0-canary.096a7a066.0"
    "@material/base" "8.0.0-canary.096a7a066.0"
    "@material/feature-targeting" "8.0.0-canary.096a7a066.0"
    "@material/theme" "8.0.0-canary.096a7a066.0"
    tslib "^1.9.3"

"@material/tab-scroller@8.0.0-canary.096a7a066.0", "@material/tab-scroller@=8.0.0-canary.096a7a066.0":
  version "8.0.0-canary.096a7a066.0"
  resolved "https://registry.yarnpkg.com/@material/tab-scroller/-/tab-scroller-8.0.0-canary.096a7a066.0.tgz#53adf9ca6a39153d3113ebd647e573c9029a0ca0"
  integrity sha512-IbAd2Zvvk1jQbXr0CeRJYbl0fHCvvZOtlGOeGtn7FYL7bMKEbKJojtymzuNPNhfaqhDBE3ON5Cnr7g0uYE4OEQ==
  dependencies:
    "@material/animation" "8.0.0-canary.096a7a066.0"
    "@material/base" "8.0.0-canary.096a7a066.0"
    "@material/dom" "8.0.0-canary.096a7a066.0"
    "@material/feature-targeting" "8.0.0-canary.096a7a066.0"
    "@material/tab" "8.0.0-canary.096a7a066.0"
    tslib "^1.9.3"

"@material/tab@8.0.0-canary.096a7a066.0", "@material/tab@=8.0.0-canary.096a7a066.0":
  version "8.0.0-canary.096a7a066.0"
  resolved "https://registry.yarnpkg.com/@material/tab/-/tab-8.0.0-canary.096a7a066.0.tgz#e1e555c495173d355a04652ab6a85e24766cebf3"
  integrity sha512-M54wiSa2dPzRIIQqA730pwNsrlzYYcGksfWEzgvsUfs4sIo4w/s3672K5LMfbR2qd9AXR6x1Rv9VNqxoj68NyA==
  dependencies:
    "@material/base" "8.0.0-canary.096a7a066.0"
    "@material/feature-targeting" "8.0.0-canary.096a7a066.0"
    "@material/ripple" "8.0.0-canary.096a7a066.0"
    "@material/rtl" "8.0.0-canary.096a7a066.0"
    "@material/tab-indicator" "8.0.0-canary.096a7a066.0"
    "@material/theme" "8.0.0-canary.096a7a066.0"
    "@material/typography" "8.0.0-canary.096a7a066.0"
    tslib "^1.9.3"

"@material/theme@8.0.0-canary.096a7a066.0":
  version "8.0.0-canary.096a7a066.0"
  resolved "https://registry.yarnpkg.com/@material/theme/-/theme-8.0.0-canary.096a7a066.0.tgz#f657eaa545797ee3e6a2d96e4a61f844ad3dc425"
  integrity sha512-FdAUEjq7KJ835sobJQL0w0XWD5PabXl77HmBuy5F3bEYbYterWOutvuHbTkAEN6sTzgHCKhdoMubRxMKidqafA==
  dependencies:
    "@material/feature-targeting" "8.0.0-canary.096a7a066.0"

"@material/top-app-bar@=8.0.0-canary.096a7a066.0":
  version "8.0.0-canary.096a7a066.0"
  resolved "https://registry.yarnpkg.com/@material/top-app-bar/-/top-app-bar-8.0.0-canary.096a7a066.0.tgz#fd3398459f4893fd0501c0a5824f9f689634d61a"
  integrity sha512-xaI3MQ7joNRySTOYgtAFzJl4xr3KoGZ55P1ToQ+eWwlXxcUvZ090Nw6nxYUfGKkXS36s0JINO4Wd7/slpMUa3g==
  dependencies:
    "@material/animation" "8.0.0-canary.096a7a066.0"
    "@material/base" "8.0.0-canary.096a7a066.0"
    "@material/elevation" "8.0.0-canary.096a7a066.0"
    "@material/ripple" "8.0.0-canary.096a7a066.0"
    "@material/rtl" "8.0.0-canary.096a7a066.0"
    "@material/shape" "8.0.0-canary.096a7a066.0"
    "@material/theme" "8.0.0-canary.096a7a066.0"
    "@material/typography" "8.0.0-canary.096a7a066.0"
    tslib "^1.9.3"

"@material/touch-target@8.0.0-canary.096a7a066.0":
  version "8.0.0-canary.096a7a066.0"
  resolved "https://registry.yarnpkg.com/@material/touch-target/-/touch-target-8.0.0-canary.096a7a066.0.tgz#4662949f95c3a387c24a8b0b5f4f8b36ea5f5149"
  integrity sha512-coRXk1b0BmzE3CYx7xpobEb+kKdFexuqUPjQFmVZZifZD9DC5zWqwgCw/69ZUxYCm04FYTZbjj/Y/40qYTP4+A==
  dependencies:
    "@material/base" "8.0.0-canary.096a7a066.0"
    "@material/feature-targeting" "8.0.0-canary.096a7a066.0"

"@material/typography@8.0.0-canary.096a7a066.0":
  version "8.0.0-canary.096a7a066.0"
  resolved "https://registry.yarnpkg.com/@material/typography/-/typography-8.0.0-canary.096a7a066.0.tgz#b4caf2b60366403896c0587cfec3a3a08de8964c"
  integrity sha512-q6HKSmEWSU9lM3sy1GjiGRskqXWMnwIWWAzet15+Q928JmYBKlw3TLvgfjeeQiaq/c3pHWcGE7Dctk6oNrsQWQ==
  dependencies:
    "@material/feature-targeting" "8.0.0-canary.096a7a066.0"
    "@material/theme" "8.0.0-canary.096a7a066.0"

blocking-elements@^0.1.0:
  version "0.1.1"
  resolved "https://registry.yarnpkg.com/blocking-elements/-/blocking-elements-0.1.1.tgz#6acddbe2714a029a1774e9219bcf38736e07ded3"
  integrity sha512-/SLWbEzMoVIMZACCyhD/4Ya2M1PWP1qMKuiymowPcI+PdWDARqeARBjhj73kbUBCxEmTZCUu5TAqxtwUO9C1Ig==

lit-element@^2.3.0, lit-element@^2.4.0:
  version "2.4.0"
  resolved "https://registry.yarnpkg.com/lit-element/-/lit-element-2.4.0.tgz#b22607a037a8fc08f5a80736dddf7f3f5d401452"
  integrity sha512-pBGLglxyhq/Prk2H91nA0KByq/hx/wssJBQFiYqXhGDvEnY31PRGYf1RglVzyLeRysu0IHm2K0P196uLLWmwFg==
  dependencies:
    lit-html "^1.1.1"

lit-html@^1.1.1, lit-html@^1.1.2:
  version "1.3.0"
  resolved "https://registry.yarnpkg.com/lit-html/-/lit-html-1.3.0.tgz#c80f3cc5793a6dea6c07172be90a70ab20e56034"
  integrity sha512-0Q1bwmaFH9O14vycPHw8C/IeHMk/uSDldVLIefu/kfbTBGIc44KGH6A8p1bDfxUfHdc8q6Ct7kQklWoHgr4t1Q==

tslib@^1.10.0, tslib@^1.9.3:
  version "1.13.0"
  resolved "https://registry.yarnpkg.com/tslib/-/tslib-1.13.0.tgz#c881e13cc7015894ed914862d276436fa9a47043"
  integrity sha512-i/6DQjL8Xf3be4K/E6Wgpekn5Qasl1usyw++dAA35Ue5orEn65VIxOA+YvNNl9HV3qv70T7CNwjODHZrLwvd1Q==

wicg-inert@^3.0.0:
  version "3.0.3"
  resolved "https://registry.yarnpkg.com/wicg-inert/-/wicg-inert-3.0.3.tgz#7d05eaed64176887ee4c66fc0c4d6fe4b38ccce5"
  integrity sha512-XwXf8K0NN4cpagjBlZ2/j/5Sjf6dW3HNbfywEy1y6Z8PJKvSHVGiuc5Id/9RZ6EmGq+GQCGTo7B2SK0Misbr6g==
